// !$*UTF8*$!
{
	archiveVersion = 1;
	classes = {
	};
	objectVersion = 50;
	objects = {

/* Begin PBXBuildFile section */
		DE89D460240CE27000FEF9C8 /* AppDelegate.swift in Sources */ = {isa = PBXBuildFile; fileRef = DE89D45F240CE27000FEF9C8 /* AppDelegate.swift */; };
		DE89D462240CE27000FEF9C8 /* SceneDelegate.swift in Sources */ = {isa = PBXBuildFile; fileRef = DE89D461240CE27000FEF9C8 /* SceneDelegate.swift */; };
		DE89D464240CE27000FEF9C8 /* ViewController.swift in Sources */ = {isa = PBXBuildFile; fileRef = DE89D463240CE27000FEF9C8 /* ViewController.swift */; };
		DE89D467240CE27000FEF9C8 /* Main.storyboard in Resources */ = {isa = PBXBuildFile; fileRef = DE89D465240CE27000FEF9C8 /* Main.storyboard */; };
		DE89D469240CE27200FEF9C8 /* Assets.xcassets in Resources */ = {isa = PBXBuildFile; fileRef = DE89D468240CE27200FEF9C8 /* Assets.xcassets */; };
		DE89D46C240CE27200FEF9C8 /* LaunchScreen.storyboard in Resources */ = {isa = PBXBuildFile; fileRef = DE89D46A240CE27200FEF9C8 /* LaunchScreen.storyboard */; };
/* End PBXBuildFile section */

/* Begin PBXFileReference section */
		DE89D45C240CE27000FEF9C8 /* HelloWorld_Practice_BraveLee.app */ = {isa = PBXFileReference; explicitFileType = wrapper.application; includeInIndex = 0; path = HelloWorld_Practice_BraveLee.app; sourceTree = BUILT_PRODUCTS_DIR; };
		DE89D45F240CE27000FEF9C8 /* AppDelegate.swift */ = {isa = PBXFileReference; lastKnownFileType = sourcecode.swift; path = AppDelegate.swift; sourceTree = "<group>"; };
		DE89D461240CE27000FEF9C8 /* SceneDelegate.swift */ = {isa = PBXFileReference; lastKnownFileType = sourcecode.swift; path = SceneDelegate.swift; sourceTree = "<group>"; };
		DE89D463240CE27000FEF9C8 /* ViewController.swift */ = {isa = PBXFileReference; lastKnownFileType = sourcecode.swift; path = ViewController.swift; sourceTree = "<group>"; };
		DE89D466240CE27000FEF9C8 /* Base */ = {isa = PBXFileReference; lastKnownFileType = file.storyboard; name = Base; path = Base.lproj/Main.storyboard; sourceTree = "<group>"; };
		DE89D468240CE27200FEF9C8 /* Assets.xcassets */ = {isa = PBXFileReference; lastKnownFileType = folder.assetcatalog; path = Assets.xcassets; sourceTree = "<group>"; };
		DE89D46B240CE27200FEF9C8 /* Base */ = {isa = PBXFileReference; lastKnownFileType = file.storyboard; name = Base; path = Base.lproj/LaunchScreen.storyboard; sourceTree = "<group>"; };
		DE89D46D240CE27200FEF9C8 /* Info.plist */ = {isa = PBXFileReference; lastKnownFileType = text.plist.xml; path = Info.plist; sourceTree = "<group>"; };
/* End PBXFileReference section */

/* Begin PBXFrameworksBuildPhase section */
		DE89D459240CE27000FEF9C8 /* Frameworks */ = {
			isa = PBXFrameworksBuildPhase;
			buildActionMask = 2147483647;
			files = (
			);
			runOnlyForDeploymentPostprocessing = 0;
		};
/* End PBXFrameworksBuildPhase section */

/* Begin PBXGroup section */
		DE89D453240CE27000FEF9C8 = {
			isa = PBXGroup;
			children = (
				DE89D45E240CE27000FEF9C8 /* HelloWorld_Practice_BraveLee */,
				DE89D45D240CE27000FEF9C8 /* Products */,
			);
			sourceTree = "<group>";
		};
		DE89D45D240CE27000FEF9C8 /* Products */ = {
			isa = PBXGroup;
			children = (
				DE89D45C240CE27000FEF9C8 /* HelloWorld_Practice_BraveLee.app */,
			);
			name = Products;
			sourceTree = "<group>";
		};
		DE89D45E240CE27000FEF9C8 /* HelloWorld_Practice_BraveLee */ = {
			isa = PBXGroup;
			children = (
				DE89D45F240CE27000FEF9C8 /* AppDelegate.swift */,
				DE89D461240CE27000FEF9C8 /* SceneDelegate.swift */,
				DE89D463240CE27000FEF9C8 /* ViewController.swift */,
				DE89D465240CE27000FEF9C8 /* Main.storyboard */,
				DE89D468240CE27200FEF9C8 /* Assets.xcassets */,
				DE89D46A240CE27200FEF9C8 /* LaunchScreen.storyboard */,
				DE89D46D240CE27200FEF9C8 /* Info.plist */,
			);
			path = HelloWorld_Practice_BraveLee;
			sourceTree = "<group>";
		};
/* End PBXGroup section */

/* Begin PBXNativeTarget section */
		DE89D45B240CE27000FEF9C8 /* HelloWorld_Practice_BraveLee */ = {
			isa = PBXNativeTarget;
			buildConfigurationList = DE89D470240CE27200FEF9C8 /* Build configuration list for PBXNativeTarget "HelloWorld_Practice_BraveLee" */;
			buildPhases = (
				DE89D458240CE27000FEF9C8 /* Sources */,
				DE89D459240CE27000FEF9C8 /* Frameworks */,
				DE89D45A240CE27000FEF9C8 /* Resources */,
			);
			buildRules = (
			);
			dependencies = (
			);
			name = HelloWorld_Practice_BraveLee;
			productName = HelloWorld_Practice_BraveLee;
			productReference = DE89D45C240CE27000FEF9C8 /* HelloWorld_Practice_BraveLee.app */;
			productType = "com.apple.product-type.application";
		};
/* End PBXNativeTarget section */

/* Begin PBXProject section */
		DE89D454240CE27000FEF9C8 /* Project object */ = {
			isa = PBXProject;
			attributes = {
				LastSwiftUpdateCheck = 1130;
				LastUpgradeCheck = 1130;
				ORGANIZATIONNAME = "Brave Lee";
				TargetAttributes = {
					DE89D45B240CE27000FEF9C8 = {
						CreatedOnToolsVersion = 11.3.1;
					};
				};
			};
			buildConfigurationList = DE89D457240CE27000FEF9C8 /* Build configuration list for PBXProject "HelloWorld_Practice_BraveLee" */;
			compatibilityVersion = "Xcode 9.3";
			developmentRegion = en;
			hasScannedForEncodings = 0;
			knownRegions = (
				en,
				Base,
			);
			mainGroup = DE89D453240CE27000FEF9C8;
			productRefGroup = DE89D45D240CE27000FEF9C8 /* Products */;
			projectDirPath = "";
			projectRoot = "";
			targets = (
				DE89D45B240CE27000FEF9C8 /* HelloWorld_Practice_BraveLee */,
			);
		};
/* End PBXProject section */

/* Begin PBXResourcesBuildPhase section */
		DE89D45A240CE27000FEF9C8 /* Resources */ = {
			isa = PBXResourcesBuildPhase;
			buildActionMask = 2147483647;
			files = (
				DE89D46C240CE27200FEF9C8 /* LaunchScreen.storyboard in Resources */,
				DE89D469240CE27200FEF9C8 /* Assets.xcassets in Resources */,
				DE89D467240CE27000FEF9C8 /* Main.storyboard in Resources */,
			);
			runOnlyForDeploymentPostprocessing = 0;
		};
/* End PBXResourcesBuildPhase section */

/* Begin PBXSourcesBuildPhase section */
		DE89D458240CE27000FEF9C8 /* Sources */ = {
			isa = PBXSourcesBuildPhase;
			buildActionMask = 2147483647;
			files = (
				DE89D464240CE27000FEF9C8 /* ViewController.swift in Sources */,
				DE89D460240CE27000FEF9C8 /* AppDelegate.swift in Sources */,
				DE89D462240CE27000FEF9C8 /* SceneDelegate.swift in Sources */,
			);
			runOnlyForDeploymentPostprocessing = 0;
		};
/* End PBXSourcesBuildPhase section */

/* Begin PBXVariantGroup section */
		DE89D465240CE27000FEF9C8 /* Main.storyboard */ = {
			isa = PBXVariantGroup;
			children = (
				DE89D466240CE27000FEF9C8 /* Base */,
			);
			name = Main.storyboard;
			sourceTree = "<group>";
		};
		DE89D46A240CE27200FEF9C8 /* LaunchScreen.storyboard */ = {
			isa = PBXVariantGroup;
			children = (
				DE89D46B240CE27200FEF9C8 /* Base */,
			);
			name = LaunchScreen.storyboard;
			sourceTree = "<group>";
		};
/* End PBXVariantGroup section */

/* Begin XCBuildConfiguration section */
		DE89D46E240CE27200FEF9C8 /* Debug */ = {
			isa = XCBuildConfiguration;
			buildSettings = {
				ALWAYS_SEARCH_USER_PATHS = NO;
				CLANG_ANALYZER_NONNULL = YES;
				CLANG_ANALYZER_NUMBER_OBJECT_CONVERSION = YES_AGGRESSIVE;
				CLANG_CXX_LANGUAGE_STANDARD = "gnu++14";
				CLANG_CXX_LIBRARY = "libc++";
				CLANG_ENABLE_MODULES = YES;
				CLANG_ENABLE_OBJC_ARC = YES;
				CLANG_ENABLE_OBJC_WEAK = YES;
				CLANG_WARN_BLOCK_CAPTURE_AUTORELEASING = YES;
				CLANG_WARN_BOOL_CONVERSION = YES;
				CLANG_WARN_COMMA = YES;
				CLANG_WARN_CONSTANT_CONVERSION = YES;
				CLANG_WARN_DEPRECATED_OBJC_IMPLEMENTATIONS = YES;
				CLANG_WARN_DIRECT_OBJC_ISA_USAGE = YES_ERROR;
				CLANG_WARN_DOCUMENTATION_COMMENTS = YES;
				CLANG_WARN_EMPTY_BODY = YES;
				CLANG_WARN_ENUM_CONVERSION = YES;
				CLANG_WARN_INFINITE_RECURSION = YES;
				CLANG_WARN_INT_CONVERSION = YES;
				CLANG_WARN_NON_LITERAL_NULL_CONVERSION = YES;
				CLANG_WARN_OBJC_IMPLICIT_RETAIN_SELF = YES;
				CLANG_WARN_OBJC_LITERAL_CONVERSION = YES;
				CLANG_WARN_OBJC_ROOT_CLASS = YES_ERROR;
				CLANG_WARN_RANGE_LOOP_ANALYSIS = YES;
				CLANG_WARN_STRICT_PROTOTYPES = YES;
				CLANG_WARN_SUSPICIOUS_MOVE = YES;
				CLANG_WARN_UNGUARDED_AVAILABILITY = YES_AGGRESSIVE;
				CLANG_WARN_UNREACHABLE_CODE = YES;
				CLANG_WARN__DUPLICATE_METHOD_MATCH = YES;
				COPY_PHASE_STRIP = NO;
				DEBUG_INFORMATION_FORMAT = dwarf;
				ENABLE_STRICT_OBJC_MSGSEND = YES;
				ENABLE_TESTABILITY = YES;
				GCC_C_LANGUAGE_STANDARD = gnu11;
				GCC_DYNAMIC_NO_PIC = NO;
				GCC_NO_COMMON_BLOCKS = YES;
				GCC_OPTIMIZATION_LEVEL = 0;
				GCC_PREPROCESSOR_DEFINITIONS = (
					"DEBUG=1",
					"$(inherited)",
				);
				GCC_WARN_64_TO_32_BIT_CONVERSION = YES;
				GCC_WARN_ABOUT_RETURN_TYPE = YES_ERROR;
				GCC_WARN_UNDECLARED_SELECTOR = YES;
				GCC_WARN_UNINITIALIZED_AUTOS = YES_AGGRESSIVE;
				GCC_WARN_UNUSED_FUNCTION = YES;
				GCC_WARN_UNUSED_VARIABLE = YES;
				IPHONEOS_DEPLOYMENT_TARGET = 13.2;
				MTL_ENABLE_DEBUG_INFO = INCLUDE_SOURCE;
				MTL_FAST_MATH = YES;
				ONLY_ACTIVE_ARCH = YES;
				SDKROOT = iphoneos;
				SWIFT_ACTIVE_COMPILATION_CONDITIONS = DEBUG;
				SWIFT_OPTIMIZATION_LEVEL = "-Onone";
			};
			name = Debug;
		};
		DE89D46F240CE27200FEF9C8 /* Release */ = {
			isa = XCBuildConfiguration;
			buildSettings = {
				ALWAYS_SEARCH_USER_PATHS = NO;
				CLANG_ANALYZER_NONNULL = YES;
				CLANG_ANALYZER_NUMBER_OBJECT_CONVERSION = YES_AGGRESSIVE;
				CLANG_CXX_LANGUAGE_STANDARD = "gnu++14";
				CLANG_CXX_LIBRARY = "libc++";
				CLANG_ENABLE_MODULES = YES;
				CLANG_ENABLE_OBJC_ARC = YES;
				CLANG_ENABLE_OBJC_WEAK = YES;
				CLANG_WARN_BLOCK_CAPTURE_AUTORELEASING = YES;
				CLANG_WARN_BOOL_CONVERSION = YES;
				CLANG_WARN_COMMA = YES;
				CLANG_WARN_CONSTANT_CONVERSION = YES;
				CLANG_WARN_DEPRECATED_OBJC_IMPLEMENTATIONS = YES;
				CLANG_WARN_DIRECT_OBJC_ISA_USAGE = YES_ERROR;
				CLANG_WARN_DOCUMENTATION_COMMENTS = YES;
				CLANG_WARN_EMPTY_BODY = YES;
				CLANG_WARN_ENUM_CONVERSION = YES;
				CLANG_WARN_INFINITE_RECURSION = YES;
				CLANG_WARN_INT_CONVERSION = YES;
				CLANG_WARN_NON_LITERAL_NULL_CONVERSION = YES;
				CLANG_WARN_OBJC_IMPLICIT_RETAIN_SELF = YES;
				CLANG_WARN_OBJC_LITERAL_CONVERSION = YES;
				CLANG_WARN_OBJC_ROOT_CLASS = YES_ERROR;
				CLANG_WARN_RANGE_LOOP_ANALYSIS = YES;
				CLANG_WARN_STRICT_PROTOTYPES = YES;
				CLANG_WARN_SUSPICIOUS_MOVE = YES;
				CLANG_WARN_UNGUARDED_AVAILABILITY = YES_AGGRESSIVE;
				CLANG_WARN_UNREACHABLE_CODE = YES;
				CLANG_WARN__DUPLICATE_METHOD_MATCH = YES;
				COPY_PHASE_STRIP = NO;
				DEBUG_INFORMATION_FORMAT = "dwarf-with-dsym";
				ENABLE_NS_ASSERTIONS = NO;
				ENABLE_STRICT_OBJC_MSGSEND = YES;
				GCC_C_LANGUAGE_STANDARD = gnu11;
				GCC_NO_COMMON_BLOCKS = YES;
				GCC_WARN_64_TO_32_BIT_CONVERSION = YES;
				GCC_WARN_ABOUT_RETURN_TYPE = YES_ERROR;
				GCC_WARN_UNDECLARED_SELECTOR = YES;
				GCC_WARN_UNINITIALIZED_AUTOS = YES_AGGRESSIVE;
				GCC_WARN_UNUSED_FUNCTION = YES;
				GCC_WARN_UNUSED_VARIABLE = YES;
				IPHONEOS_DEPLOYMENT_TARGET = 13.2;
				MTL_ENABLE_DEBUG_INFO = NO;
				MTL_FAST_MATH = YES;
				SDKROOT = iphoneos;
				SWIFT_COMPILATION_MODE = wholemodule;
				SWIFT_OPTIMIZATION_LEVEL = "-O";
				VALIDATE_PRODUCT = YES;
			};
			name = Release;
		};
		DE89D471240CE27200FEF9C8 /* Debug */ = {
			isa = XCBuildConfiguration;
			buildSettings = {
				ASSETCATALOG_COMPILER_APPICON_NAME = AppIcon;
				CODE_SIGN_STYLE = Automatic;
				DEVELOPMENT_TEAM = UNKLP2U2NQ;
				INFOPLIST_FILE = HelloWorld_Practice_BraveLee/Info.plist;
				LD_RUNPATH_SEARCH_PATHS = (
					"$(inherited)",
					"@executable_path/Frameworks",
				);
				PRODUCT_BUNDLE_IDENTIFIER = "jp.co.tpsinc.iosstudy.3rd.HelloWorld-Practice-BraveLee";
				PRODUCT_NAME = "$(TARGET_NAME)";
				SWIFT_VERSION = 5.0;
				TARGETED_DEVICE_FAMILY = "1,2";
			};
			name = Debug;
		};
		DE89D472240CE27200FEF9C8 /* Release */ = {
			isa = XCBuildConfiguration;
			buildSettings = {
				ASSETCATALOG_COMPILER_APPICON_NAME = AppIcon;
				CODE_SIGN_STYLE = Automatic;
				DEVELOPMENT_TEAM = UNKLP2U2NQ;
				INFOPLIST_FILE = HelloWorld_Practice_BraveLee/Info.plist;
				LD_RUNPATH_SEARCH_PATHS = (
					"$(inherited)",
					"@executable_path/Frameworks",
				);
				PRODUCT_BUNDLE_IDENTIFIER = "jp.co.tpsinc.iosstudy.3rd.HelloWorld-Practice-BraveLee";
				PRODUCT_NAME = "$(TARGET_NAME)";
				SWIFT_VERSION = 5.0;
				TARGETED_DEVICE_FAMILY = "1,2";
			};
			name = Release;
		};
/* End XCBuildConfiguration section */

/* Begin XCConfigurationList section */
		DE89D457240CE27000FEF9C8 /* Build configuration list for PBXProject "HelloWorld_Practice_BraveLee" */ = {
			isa = XCConfigurationList;
			buildConfigurations = (
				DE89D46E240CE27200FEF9C8 /* Debug */,
				DE89D46F240CE27200FEF9C8 /* Release */,
			);
			defaultConfigurationIsVisible = 0;
			defaultConfigurationName = Release;
		};
		DE89D470240CE27200FEF9C8 /* Build configuration list for PBXNativeTarget "HelloWorld_Practice_BraveLee" */ = {
			isa = XCConfigurationList;
			buildConfigurations = (
				DE89D471240CE27200FEF9C8 /* Debug */,
				DE89D472240CE27200FEF9C8 /* Release */,
			);
			defaultConfigurationIsVisible = 0;
			defaultConfigurationName = Release;
		};
/* End XCConfigurationList section */
	};
	rootObject = DE89D454240CE27000FEF9C8 /* Project object */;
}
